
Microsoft Visual Studio Solution File, Format Version 12.00
Project("{FAE04EC0-301F-11D3-BF4B-00C04F79EFBC}") = "LeaveManagementSystemPractice.web", "LeaveManagementSystemPractice.web\LeaveManagementSystemPractice.web.csproj", "{A04399EF-0EC2-433E-9FBC-448FDEB66EC9}"
EndProject
Global
	GlobalSection(SolutionConfigurationPlatforms) = preSolution
		Debug|Any CPU = Debug|Any CPU
		Release|Any CPU = Release|Any CPU
	EndGlobalSection
	GlobalSection(ProjectConfigurationPlatforms) = postSolution
		{A04399EF-0EC2-433E-9FBC-448FDEB66EC9}.Debug|Any CPU.ActiveCfg = Debug|Any CPU
		{A04399EF-0EC2-433E-9FBC-448FDEB66EC9}.Debug|Any CPU.Build.0 = Debug|Any CPU
		{A04399EF-0EC2-433E-9FBC-448FDEB66EC9}.Release|Any CPU.ActiveCfg = Release|Any CPU
		{A04399EF-0EC2-433E-9FBC-448FDEB66EC9}.Release|Any CPU.Build.0 = Release|Any CPU
	EndGlobalSection
EndGlobal
